
Microsoft Visual Studio Solution File, Format Version 12.00
# Visual Studio 14
VisualStudioVersion = 14.0.23107.0
MinimumVisualStudioVersion = 10.0.40219.1
Project("{FAE04EC0-301F-11D3-BF4B-00C04F79EFBC}") = "PluginV10", "PluginV10\PluginV10.csproj", "{978BB2A4-2BA7-4F2B-AD98-5AB4BFCF6B21}"
EndProject
Project("{FAE04EC0-301F-11D3-BF4B-00C04F79EFBC}") = "TestsV10", "TestsV10\TestsV10.csproj", "{6D2130FE-BBA1-450A-91AC-A4B6564B4DA4}"
EndProject
Global
	GlobalSection(SolutionConfigurationPlatforms) = preSolution
		Debug|Any CPU = Debug|Any CPU
		Release|Any CPU = Release|Any CPU
	EndGlobalSection
	GlobalSection(ProjectConfigurationPlatforms) = postSolution
		{978BB2A4-2BA7-4F2B-AD98-5AB4BFCF6B21}.Debug|Any CPU.ActiveCfg = Debug|Any CPU
		{978BB2A4-2BA7-4F2B-AD98-5AB4BFCF6B21}.Debug|Any CPU.Build.0 = Debug|Any CPU
		{978BB2A4-2BA7-4F2B-AD98-5AB4BFCF6B21}.Release|Any CPU.ActiveCfg = Release|Any CPU
		{978BB2A4-2BA7-4F2B-AD98-5AB4BFCF6B21}.Release|Any CPU.Build.0 = Release|Any CPU
		{6D2130FE-BBA1-450A-91AC-A4B6564B4DA4}.Debug|Any CPU.ActiveCfg = Debug|Any CPU
		{6D2130FE-BBA1-450A-91AC-A4B6564B4DA4}.Debug|Any CPU.Build.0 = Debug|Any CPU
		{6D2130FE-BBA1-450A-91AC-A4B6564B4DA4}.Release|Any CPU.ActiveCfg = Release|Any CPU
		{6D2130FE-BBA1-450A-91AC-A4B6564B4DA4}.Release|Any CPU.Build.0 = Release|Any CPU
	EndGlobalSection
	GlobalSection(SolutionProperties) = preSolution
		HideSolutionNode = FALSE
	EndGlobalSection
EndGlobal
